
Microsoft Visual Studio Solution File, Format Version 12.00
# Visual Studio 15
VisualStudioVersion = 15.0.28307.1169
MinimumVisualStudioVersion = 10.0.40219.1
Project("{8BC9CEB8-8B4A-11D0-8D11-00A0C91BC942}") = "pipe_iocp_server", "pipe_iocp_server\pipe.vcxproj", "{B498E22E-91ED-42DA-803A-D4EAC84E6484}"
EndProject
Project("{8BC9CEB8-8B4A-11D0-8D11-00A0C91BC942}") = "pipe_iocp_client", "pipe_iocp_client\pipe_iocp_client.vcxproj", "{E3E07AFF-1B7B-46F7-BE1B-733159C19F65}"
EndProject
Global
	GlobalSection(SolutionConfigurationPlatforms) = preSolution
		Debug|x64 = Debug|x64
		Debug|x86 = Debug|x86
		Release|x64 = Release|x64
		Release|x86 = Release|x86
	EndGlobalSection
	GlobalSection(ProjectConfigurationPlatforms) = postSolution
		{B498E22E-91ED-42DA-803A-D4EAC84E6484}.Debug|x64.ActiveCfg = Debug|x64
		{B498E22E-91ED-42DA-803A-D4EAC84E6484}.Debug|x64.Build.0 = Debug|x64
		{B498E22E-91ED-42DA-803A-D4EAC84E6484}.Debug|x86.ActiveCfg = Debug|Win32
		{B498E22E-91ED-42DA-803A-D4EAC84E6484}.Debug|x86.Build.0 = Debug|Win32
		{B498E22E-91ED-42DA-803A-D4EAC84E6484}.Release|x64.ActiveCfg = Release|x64
		{B498E22E-91ED-42DA-803A-D4EAC84E6484}.Release|x64.Build.0 = Release|x64
		{B498E22E-91ED-42DA-803A-D4EAC84E6484}.Release|x86.ActiveCfg = Release|Win32
		{B498E22E-91ED-42DA-803A-D4EAC84E6484}.Release|x86.Build.0 = Release|Win32
		{E3E07AFF-1B7B-46F7-BE1B-733159C19F65}.Debug|x64.ActiveCfg = Debug|x64
		{E3E07AFF-1B7B-46F7-BE1B-733159C19F65}.Debug|x64.Build.0 = Debug|x64
		{E3E07AFF-1B7B-46F7-BE1B-733159C19F65}.Debug|x86.ActiveCfg = Debug|Win32
		{E3E07AFF-1B7B-46F7-BE1B-733159C19F65}.Debug|x86.Build.0 = Debug|Win32
		{E3E07AFF-1B7B-46F7-BE1B-733159C19F65}.Release|x64.ActiveCfg = Release|x64
		{E3E07AFF-1B7B-46F7-BE1B-733159C19F65}.Release|x64.Build.0 = Release|x64
		{E3E07AFF-1B7B-46F7-BE1B-733159C19F65}.Release|x86.ActiveCfg = Release|Win32
		{E3E07AFF-1B7B-46F7-BE1B-733159C19F65}.Release|x86.Build.0 = Release|Win32
	EndGlobalSection
	GlobalSection(SolutionProperties) = preSolution
		HideSolutionNode = FALSE
	EndGlobalSection
	GlobalSection(ExtensibilityGlobals) = postSolution
		SolutionGuid = {61F92CBE-039A-491C-A50B-EDF9E26F8C9E}
	EndGlobalSection
EndGlobal
